// !$*UTF8*$!
{
	archiveVersion = 1;
	classes = {
	};
	objectVersion = 46;
	objects = {

/* Begin PBXBuildFile section */
		FBDA65E31E539339003DA31B /* AppDelegate.swift in Sources */ = {isa = PBXBuildFile; fileRef = FBDA65E21E539339003DA31B /* AppDelegate.swift */; };
		FBDA65E51E539339003DA31B /* LoginViewController.swift in Sources */ = {isa = PBXBuildFile; fileRef = FBDA65E41E539339003DA31B /* LoginViewController.swift */; };
		FBDA65EA1E539339003DA31B /* Assets.xcassets in Resources */ = {isa = PBXBuildFile; fileRef = FBDA65E91E539339003DA31B /* Assets.xcassets */; };
		FBDA65ED1E539339003DA31B /* LaunchScreen.storyboard in Resources */ = {isa = PBXBuildFile; fileRef = FBDA65EB1E539339003DA31B /* LaunchScreen.storyboard */; };
		FBDA65F81E539339003DA31B /* tiedUpTests.swift in Sources */ = {isa = PBXBuildFile; fileRef = FBDA65F71E539339003DA31B /* tiedUpTests.swift */; };
		FBDA66031E5393F5003DA31B /* FBSDKLoginKit.framework in Frameworks */ = {isa = PBXBuildFile; fileRef = FBDA66021E5393F5003DA31B /* FBSDKLoginKit.framework */; };
		FBDA66061E5395FB003DA31B /* Main.storyboard in Resources */ = {isa = PBXBuildFile; fileRef = FBDA66051E5395FB003DA31B /* Main.storyboard */; };
		FBDA663B1E53E158003DA31B /* Bolts.framework in Frameworks */ = {isa = PBXBuildFile; fileRef = FBDA663A1E53E158003DA31B /* Bolts.framework */; };
		FBDA663D1E53E163003DA31B /* FBSDKCoreKit.framework in Frameworks */ = {isa = PBXBuildFile; fileRef = FBDA663C1E53E163003DA31B /* FBSDKCoreKit.framework */; };
		FBDA66431E53FB6B003DA31B /* mainNavigation.storyboard in Resources */ = {isa = PBXBuildFile; fileRef = FBDA66421E53FB6B003DA31B /* mainNavigation.storyboard */; };
		FBDA66451E540A1B003DA31B /* GameModesViewController.swift in Sources */ = {isa = PBXBuildFile; fileRef = FBDA66441E540A1B003DA31B /* GameModesViewController.swift */; };
		FBDA66471E540A90003DA31B /* GameModeTableViewCell.swift in Sources */ = {isa = PBXBuildFile; fileRef = FBDA66461E540A90003DA31B /* GameModeTableViewCell.swift */; };
		FBDA66491E540C06003DA31B /* GameMode.swift in Sources */ = {isa = PBXBuildFile; fileRef = FBDA66481E540C06003DA31B /* GameMode.swift */; };
/* End PBXBuildFile section */

/* Begin PBXContainerItemProxy section */
		FBDA65F41E539339003DA31B /* PBXContainerItemProxy */ = {
			isa = PBXContainerItemProxy;
			containerPortal = FBDA65D71E539339003DA31B /* Project object */;
			proxyType = 1;
			remoteGlobalIDString = FBDA65DE1E539339003DA31B;
			remoteInfo = tiedUp;
		};
/* End PBXContainerItemProxy section */

/* Begin PBXFileReference section */
		FBDA65DF1E539339003DA31B /* tiedUp.app */ = {isa = PBXFileReference; explicitFileType = wrapper.application; includeInIndex = 0; path = tiedUp.app; sourceTree = BUILT_PRODUCTS_DIR; };
		FBDA65E21E539339003DA31B /* AppDelegate.swift */ = {isa = PBXFileReference; lastKnownFileType = sourcecode.swift; path = AppDelegate.swift; sourceTree = "<group>"; };
		FBDA65E41E539339003DA31B /* LoginViewController.swift */ = {isa = PBXFileReference; lastKnownFileType = sourcecode.swift; path = LoginViewController.swift; sourceTree = "<group>"; };
		FBDA65E91E539339003DA31B /* Assets.xcassets */ = {isa = PBXFileReference; lastKnownFileType = folder.assetcatalog; path = Assets.xcassets; sourceTree = "<group>"; };
		FBDA65EC1E539339003DA31B /* Base */ = {isa = PBXFileReference; lastKnownFileType = file.storyboard; name = Base; path = Base.lproj/LaunchScreen.storyboard; sourceTree = "<group>"; };
		FBDA65EE1E539339003DA31B /* Info.plist */ = {isa = PBXFileReference; lastKnownFileType = text.plist.xml; path = Info.plist; sourceTree = "<group>"; };
		FBDA65F31E539339003DA31B /* tiedUpTests.xctest */ = {isa = PBXFileReference; explicitFileType = wrapper.cfbundle; includeInIndex = 0; path = tiedUpTests.xctest; sourceTree = BUILT_PRODUCTS_DIR; };
		FBDA65F71E539339003DA31B /* tiedUpTests.swift */ = {isa = PBXFileReference; lastKnownFileType = sourcecode.swift; path = tiedUpTests.swift; sourceTree = "<group>"; };
		FBDA65F91E539339003DA31B /* Info.plist */ = {isa = PBXFileReference; lastKnownFileType = text.plist.xml; path = Info.plist; sourceTree = "<group>"; };
		FBDA66021E5393F5003DA31B /* FBSDKLoginKit.framework */ = {isa = PBXFileReference; lastKnownFileType = wrapper.framework; path = FBSDKLoginKit.framework; sourceTree = "<group>"; };
		FBDA66051E5395FB003DA31B /* Main.storyboard */ = {isa = PBXFileReference; fileEncoding = 4; lastKnownFileType = file.storyboard; path = Main.storyboard; sourceTree = "<group>"; };
		FBDA663A1E53E158003DA31B /* Bolts.framework */ = {isa = PBXFileReference; lastKnownFileType = wrapper.framework; path = Bolts.framework; sourceTree = "<group>"; };
		FBDA663C1E53E163003DA31B /* FBSDKCoreKit.framework */ = {isa = PBXFileReference; lastKnownFileType = wrapper.framework; path = FBSDKCoreKit.framework; sourceTree = "<group>"; };
		FBDA66421E53FB6B003DA31B /* mainNavigation.storyboard */ = {isa = PBXFileReference; fileEncoding = 4; lastKnownFileType = file.storyboard; path = mainNavigation.storyboard; sourceTree = "<group>"; };
		FBDA66441E540A1B003DA31B /* GameModesViewController.swift */ = {isa = PBXFileReference; fileEncoding = 4; lastKnownFileType = sourcecode.swift; path = GameModesViewController.swift; sourceTree = "<group>"; };
		FBDA66461E540A90003DA31B /* GameModeTableViewCell.swift */ = {isa = PBXFileReference; fileEncoding = 4; lastKnownFileType = sourcecode.swift; path = GameModeTableViewCell.swift; sourceTree = "<group>"; };
		FBDA66481E540C06003DA31B /* GameMode.swift */ = {isa = PBXFileReference; fileEncoding = 4; lastKnownFileType = sourcecode.swift; path = GameMode.swift; sourceTree = "<group>"; };
/* End PBXFileReference section */

/* Begin PBXFrameworksBuildPhase section */
		FBDA65DC1E539339003DA31B /* Frameworks */ = {
			isa = PBXFrameworksBuildPhase;
			buildActionMask = 2147483647;
			files = (
				FBDA66031E5393F5003DA31B /* FBSDKLoginKit.framework in Frameworks */,
				FBDA663D1E53E163003DA31B /* FBSDKCoreKit.framework in Frameworks */,
				FBDA663B1E53E158003DA31B /* Bolts.framework in Frameworks */,
			);
			runOnlyForDeploymentPostprocessing = 0;
		};
		FBDA65F01E539339003DA31B /* Frameworks */ = {
			isa = PBXFrameworksBuildPhase;
			buildActionMask = 2147483647;
			files = (
			);
			runOnlyForDeploymentPostprocessing = 0;
		};
/* End PBXFrameworksBuildPhase section */

/* Begin PBXGroup section */
		FBDA65D61E539339003DA31B = {
			isa = PBXGroup;
			children = (
				FBDA65E11E539339003DA31B /* tiedUp */,
				FBDA65F61E539339003DA31B /* tiedUpTests */,
				FBDA65E01E539339003DA31B /* Products */,
			);
			sourceTree = "<group>";
		};
		FBDA65E01E539339003DA31B /* Products */ = {
			isa = PBXGroup;
			children = (
				FBDA65DF1E539339003DA31B /* tiedUp.app */,
				FBDA65F31E539339003DA31B /* tiedUpTests.xctest */,
			);
			name = Products;
			sourceTree = "<group>";
		};
		FBDA65E11E539339003DA31B /* tiedUp */ = {
			isa = PBXGroup;
			children = (
				FBDA66041E5393F8003DA31B /* Frameworks */,
				FBDA663F1E53FAF0003DA31B /* View */,
				FBDA66411E53FB07003DA31B /* View Controller */,
				FBDA663E1E53FAE6003DA31B /* ModelView */,
				FBDA66401E53FAF8003DA31B /* Model */,
				FBDA65E21E539339003DA31B /* AppDelegate.swift */,
				FBDA65E91E539339003DA31B /* Assets.xcassets */,
				FBDA66051E5395FB003DA31B /* Main.storyboard */,
				FBDA66421E53FB6B003DA31B /* mainNavigation.storyboard */,
				FBDA65EB1E539339003DA31B /* LaunchScreen.storyboard */,
				FBDA65EE1E539339003DA31B /* Info.plist */,
			);
			path = tiedUp;
			sourceTree = "<group>";
		};
		FBDA65F61E539339003DA31B /* tiedUpTests */ = {
			isa = PBXGroup;
			children = (
				FBDA65F71E539339003DA31B /* tiedUpTests.swift */,
				FBDA65F91E539339003DA31B /* Info.plist */,
			);
			path = tiedUpTests;
			sourceTree = "<group>";
		};
		FBDA66041E5393F8003DA31B /* Frameworks */ = {
			isa = PBXGroup;
			children = (
				FBDA663C1E53E163003DA31B /* FBSDKCoreKit.framework */,
				FBDA663A1E53E158003DA31B /* Bolts.framework */,
				FBDA66021E5393F5003DA31B /* FBSDKLoginKit.framework */,
			);
			name = Frameworks;
			sourceTree = "<group>";
		};
		FBDA663E1E53FAE6003DA31B /* ModelView */ = {
			isa = PBXGroup;
			children = (
			);
			name = ModelView;
			sourceTree = "<group>";
		};
		FBDA663F1E53FAF0003DA31B /* View */ = {
			isa = PBXGroup;
			children = (
				FBDA66461E540A90003DA31B /* GameModeTableViewCell.swift */,
			);
			name = View;
			sourceTree = "<group>";
		};
		FBDA66401E53FAF8003DA31B /* Model */ = {
			isa = PBXGroup;
			children = (
				FBDA66481E540C06003DA31B /* GameMode.swift */,
			);
			name = Model;
			sourceTree = "<group>";
		};
		FBDA66411E53FB07003DA31B /* View Controller */ = {
			isa = PBXGroup;
			children = (
				FBDA65E41E539339003DA31B /* LoginViewController.swift */,
				FBDA66441E540A1B003DA31B /* GameModesViewController.swift */,
			);
			name = "View Controller";
			sourceTree = "<group>";
		};
/* End PBXGroup section */

/* Begin PBXNativeTarget section */
		FBDA65DE1E539339003DA31B /* tiedUp */ = {
			isa = PBXNativeTarget;
			buildConfigurationList = FBDA65FC1E539339003DA31B /* Build configuration list for PBXNativeTarget "tiedUp" */;
			buildPhases = (
				FBDA65DB1E539339003DA31B /* Sources */,
				FBDA65DC1E539339003DA31B /* Frameworks */,
				FBDA65DD1E539339003DA31B /* Resources */,
			);
			buildRules = (
			);
			dependencies = (
			);
			name = tiedUp;
			productName = tiedUp;
			productReference = FBDA65DF1E539339003DA31B /* tiedUp.app */;
			productType = "com.apple.product-type.application";
		};
		FBDA65F21E539339003DA31B /* tiedUpTests */ = {
			isa = PBXNativeTarget;
			buildConfigurationList = FBDA65FF1E539339003DA31B /* Build configuration list for PBXNativeTarget "tiedUpTests" */;
			buildPhases = (
				FBDA65EF1E539339003DA31B /* Sources */,
				FBDA65F01E539339003DA31B /* Frameworks */,
				FBDA65F11E539339003DA31B /* Resources */,
			);
			buildRules = (
			);
			dependencies = (
				FBDA65F51E539339003DA31B /* PBXTargetDependency */,
			);
			name = tiedUpTests;
			productName = tiedUpTests;
			productReference = FBDA65F31E539339003DA31B /* tiedUpTests.xctest */;
			productType = "com.apple.product-type.bundle.unit-test";
		};
/* End PBXNativeTarget section */

/* Begin PBXProject section */
		FBDA65D71E539339003DA31B /* Project object */ = {
			isa = PBXProject;
			attributes = {
				LastSwiftUpdateCheck = 0820;
				LastUpgradeCheck = 0820;
				ORGANIZATIONNAME = Danieltorres;
				TargetAttributes = {
					FBDA65DE1E539339003DA31B = {
						CreatedOnToolsVersion = 8.2.1;
						DevelopmentTeam = AEWQUX8MPM;
						ProvisioningStyle = Automatic;
					};
					FBDA65F21E539339003DA31B = {
						CreatedOnToolsVersion = 8.2.1;
						DevelopmentTeam = AEWQUX8MPM;
						ProvisioningStyle = Automatic;
						TestTargetID = FBDA65DE1E539339003DA31B;
					};
				};
			};
			buildConfigurationList = FBDA65DA1E539339003DA31B /* Build configuration list for PBXProject "tiedUp" */;
			compatibilityVersion = "Xcode 3.2";
			developmentRegion = English;
			hasScannedForEncodings = 0;
			knownRegions = (
				en,
				Base,
			);
			mainGroup = FBDA65D61E539339003DA31B;
			productRefGroup = FBDA65E01E539339003DA31B /* Products */;
			projectDirPath = "";
			projectRoot = "";
			targets = (
				FBDA65DE1E539339003DA31B /* tiedUp */,
				FBDA65F21E539339003DA31B /* tiedUpTests */,
			);
		};
/* End PBXProject section */

/* Begin PBXResourcesBuildPhase section */
		FBDA65DD1E539339003DA31B /* Resources */ = {
			isa = PBXResourcesBuildPhase;
			buildActionMask = 2147483647;
			files = (
				FBDA66061E5395FB003DA31B /* Main.storyboard in Resources */,
				FBDA66431E53FB6B003DA31B /* mainNavigation.storyboard in Resources */,
				FBDA65ED1E539339003DA31B /* LaunchScreen.storyboard in Resources */,
				FBDA65EA1E539339003DA31B /* Assets.xcassets in Resources */,
			);
			runOnlyForDeploymentPostprocessing = 0;
		};
		FBDA65F11E539339003DA31B /* Resources */ = {
			isa = PBXResourcesBuildPhase;
			buildActionMask = 2147483647;
			files = (
			);
			runOnlyForDeploymentPostprocessing = 0;
		};
/* End PBXResourcesBuildPhase section */

/* Begin PBXSourcesBuildPhase section */
		FBDA65DB1E539339003DA31B /* Sources */ = {
			isa = PBXSourcesBuildPhase;
			buildActionMask = 2147483647;
			files = (
				FBDA66491E540C06003DA31B /* GameMode.swift in Sources */,
				FBDA66471E540A90003DA31B /* GameModeTableViewCell.swift in Sources */,
				FBDA65E51E539339003DA31B /* LoginViewController.swift in Sources */,
				FBDA65E31E539339003DA31B /* AppDelegate.swift in Sources */,
				FBDA66451E540A1B003DA31B /* GameModesViewController.swift in Sources */,
			);
			runOnlyForDeploymentPostprocessing = 0;
		};
		FBDA65EF1E539339003DA31B /* Sources */ = {
			isa = PBXSourcesBuildPhase;
			buildActionMask = 2147483647;
			files = (
				FBDA65F81E539339003DA31B /* tiedUpTests.swift in Sources */,
			);
			runOnlyForDeploymentPostprocessing = 0;
		};
/* End PBXSourcesBuildPhase section */

/* Begin PBXTargetDependency section */
		FBDA65F51E539339003DA31B /* PBXTargetDependency */ = {
			isa = PBXTargetDependency;
			target = FBDA65DE1E539339003DA31B /* tiedUp */;
			targetProxy = FBDA65F41E539339003DA31B /* PBXContainerItemProxy */;
		};
/* End PBXTargetDependency section */

/* Begin PBXVariantGroup section */
		FBDA65EB1E539339003DA31B /* LaunchScreen.storyboard */ = {
			isa = PBXVariantGroup;
			children = (
				FBDA65EC1E539339003DA31B /* Base */,
			);
			name = LaunchScreen.storyboard;
			sourceTree = "<group>";
		};
/* End PBXVariantGroup section */

/* Begin XCBuildConfiguration section */
		FBDA65FA1E539339003DA31B /* Debug */ = {
			isa = XCBuildConfiguration;
			buildSettings = {
				ALWAYS_SEARCH_USER_PATHS = NO;
				CLANG_ANALYZER_NONNULL = YES;
				CLANG_CXX_LANGUAGE_STANDARD = "gnu++0x";
				CLANG_CXX_LIBRARY = "libc++";
				CLANG_ENABLE_MODULES = YES;
				CLANG_ENABLE_OBJC_ARC = YES;
				CLANG_WARN_BOOL_CONVERSION = YES;
				CLANG_WARN_CONSTANT_CONVERSION = YES;
				CLANG_WARN_DIRECT_OBJC_ISA_USAGE = YES_ERROR;
				CLANG_WARN_DOCUMENTATION_COMMENTS = YES;
				CLANG_WARN_EMPTY_BODY = YES;
				CLANG_WARN_ENUM_CONVERSION = YES;
				CLANG_WARN_INFINITE_RECURSION = YES;
				CLANG_WARN_INT_CONVERSION = YES;
				CLANG_WARN_OBJC_ROOT_CLASS = YES_ERROR;
				CLANG_WARN_SUSPICIOUS_MOVE = YES;
				CLANG_WARN_UNREACHABLE_CODE = YES;
				CLANG_WARN__DUPLICATE_METHOD_MATCH = YES;
				"CODE_SIGN_IDENTITY[sdk=iphoneos*]" = "iPhone Developer";
				COPY_PHASE_STRIP = NO;
				DEBUG_INFORMATION_FORMAT = dwarf;
				ENABLE_STRICT_OBJC_MSGSEND = YES;
				ENABLE_TESTABILITY = YES;
				GCC_C_LANGUAGE_STANDARD = gnu99;
				GCC_DYNAMIC_NO_PIC = NO;
				GCC_NO_COMMON_BLOCKS = YES;
				GCC_OPTIMIZATION_LEVEL = 0;
				GCC_PREPROCESSOR_DEFINITIONS = (
					"DEBUG=1",
					"$(inherited)",
				);
				GCC_WARN_64_TO_32_BIT_CONVERSION = YES;
				GCC_WARN_ABOUT_RETURN_TYPE = YES_ERROR;
				GCC_WARN_UNDECLARED_SELECTOR = YES;
				GCC_WARN_UNINITIALIZED_AUTOS = YES_AGGRESSIVE;
				GCC_WARN_UNUSED_FUNCTION = YES;
				GCC_WARN_UNUSED_VARIABLE = YES;
				IPHONEOS_DEPLOYMENT_TARGET = 10.2;
				MTL_ENABLE_DEBUG_INFO = YES;
				ONLY_ACTIVE_ARCH = YES;
				SDKROOT = iphoneos;
				SWIFT_ACTIVE_COMPILATION_CONDITIONS = DEBUG;
				SWIFT_OPTIMIZATION_LEVEL = "-Onone";
			};
			name = Debug;
		};
		FBDA65FB1E539339003DA31B /* Release */ = {
			isa = XCBuildConfiguration;
			buildSettings = {
				ALWAYS_SEARCH_USER_PATHS = NO;
				CLANG_ANALYZER_NONNULL = YES;
				CLANG_CXX_LANGUAGE_STANDARD = "gnu++0x";
				CLANG_CXX_LIBRARY = "libc++";
				CLANG_ENABLE_MODULES = YES;
				CLANG_ENABLE_OBJC_ARC = YES;
				CLANG_WARN_BOOL_CONVERSION = YES;
				CLANG_WARN_CONSTANT_CONVERSION = YES;
				CLANG_WARN_DIRECT_OBJC_ISA_USAGE = YES_ERROR;
				CLANG_WARN_DOCUMENTATION_COMMENTS = YES;
				CLANG_WARN_EMPTY_BODY = YES;
				CLANG_WARN_ENUM_CONVERSION = YES;
				CLANG_WARN_INFINITE_RECURSION = YES;
				CLANG_WARN_INT_CONVERSION = YES;
				CLANG_WARN_OBJC_ROOT_CLASS = YES_ERROR;
				CLANG_WARN_SUSPICIOUS_MOVE = YES;
				CLANG_WARN_UNREACHABLE_CODE = YES;
				CLANG_WARN__DUPLICATE_METHOD_MATCH = YES;
				"CODE_SIGN_IDENTITY[sdk=iphoneos*]" = "iPhone Developer";
				COPY_PHASE_STRIP = NO;
				DEBUG_INFORMATION_FORMAT = "dwarf-with-dsym";
				ENABLE_NS_ASSERTIONS = NO;
				ENABLE_STRICT_OBJC_MSGSEND = YES;
				GCC_C_LANGUAGE_STANDARD = gnu99;
				GCC_NO_COMMON_BLOCKS = YES;
				GCC_WARN_64_TO_32_BIT_CONVERSION = YES;
				GCC_WARN_ABOUT_RETURN_TYPE = YES_ERROR;
				GCC_WARN_UNDECLARED_SELECTOR = YES;
				GCC_WARN_UNINITIALIZED_AUTOS = YES_AGGRESSIVE;
				GCC_WARN_UNUSED_FUNCTION = YES;
				GCC_WARN_UNUSED_VARIABLE = YES;
				IPHONEOS_DEPLOYMENT_TARGET = 10.2;
				MTL_ENABLE_DEBUG_INFO = NO;
				SDKROOT = iphoneos;
				SWIFT_OPTIMIZATION_LEVEL = "-Owholemodule";
				VALIDATE_PRODUCT = YES;
			};
			name = Release;
		};
		FBDA65FD1E539339003DA31B /* Debug */ = {
			isa = XCBuildConfiguration;
			buildSettings = {
				ASSETCATALOG_COMPILER_APPICON_NAME = AppIcon;
				DEVELOPMENT_TEAM = AEWQUX8MPM;
				FRAMEWORK_SEARCH_PATHS = (
					"$(inherited)",
					"$(PROJECT_DIR)/tiedUp",
				);
				"FRAMEWORK_SEARCH_PATHS[arch=*]" = "~/Documents/FacebookSDK";
				INFOPLIST_FILE = tiedUp/Info.plist;
				LD_RUNPATH_SEARCH_PATHS = "$(inherited) @executable_path/Frameworks";
				PRODUCT_BUNDLE_IDENTIFIER = "com.Danieltorres.tied-up";
				PRODUCT_NAME = "$(TARGET_NAME)";
				SWIFT_VERSION = 3.0;
			};
			name = Debug;
		};
		FBDA65FE1E539339003DA31B /* Release */ = {
			isa = XCBuildConfiguration;
			buildSettings = {
				ASSETCATALOG_COMPILER_APPICON_NAME = AppIcon;
				DEVELOPMENT_TEAM = AEWQUX8MPM;
				FRAMEWORK_SEARCH_PATHS = (
					"$(inherited)",
					"$(PROJECT_DIR)/tiedUp",
				);
				"FRAMEWORK_SEARCH_PATHS[arch=*]" = "~/Documents/FacebookSDK";
				INFOPLIST_FILE = tiedUp/Info.plist;
				LD_RUNPATH_SEARCH_PATHS = "$(inherited) @executable_path/Frameworks";
				PRODUCT_BUNDLE_IDENTIFIER = "com.Danieltorres.tied-up";
				PRODUCT_NAME = "$(TARGET_NAME)";
				SWIFT_VERSION = 3.0;
			};
			name = Release;
		};
		FBDA66001E539339003DA31B /* Debug */ = {
			isa = XCBuildConfiguration;
			buildSettings = {
				ALWAYS_EMBED_SWIFT_STANDARD_LIBRARIES = YES;
				BUNDLE_LOADER = "$(TEST_HOST)";
				DEVELOPMENT_TEAM = AEWQUX8MPM;
				INFOPLIST_FILE = tiedUpTests/Info.plist;
				LD_RUNPATH_SEARCH_PATHS = "$(inherited) @executable_path/Frameworks @loader_path/Frameworks";
				PRODUCT_BUNDLE_IDENTIFIER = com.Danieltorres.tiedUpTests;
				PRODUCT_NAME = "$(TARGET_NAME)";
				SWIFT_VERSION = 3.0;
				TEST_HOST = "$(BUILT_PRODUCTS_DIR)/tiedUp.app/tiedUp";
			};
			name = Debug;
		};
		FBDA66011E539339003DA31B /* Release */ = {
			isa = XCBuildConfiguration;
			buildSettings = {
				ALWAYS_EMBED_SWIFT_STANDARD_LIBRARIES = YES;
				BUNDLE_LOADER = "$(TEST_HOST)";
				DEVELOPMENT_TEAM = AEWQUX8MPM;
				INFOPLIST_FILE = tiedUpTests/Info.plist;
				LD_RUNPATH_SEARCH_PATHS = "$(inherited) @executable_path/Frameworks @loader_path/Frameworks";
				PRODUCT_BUNDLE_IDENTIFIER = com.Danieltorres.tiedUpTests;
				PRODUCT_NAME = "$(TARGET_NAME)";
				SWIFT_VERSION = 3.0;
				TEST_HOST = "$(BUILT_PRODUCTS_DIR)/tiedUp.app/tiedUp";
			};
			name = Release;
		};
/* End XCBuildConfiguration section */

/* Begin XCConfigurationList section */
		FBDA65DA1E539339003DA31B /* Build configuration list for PBXProject "tiedUp" */ = {
			isa = XCConfigurationList;
			buildConfigurations = (
				FBDA65FA1E539339003DA31B /* Debug */,
				FBDA65FB1E539339003DA31B /* Release */,
			);
			defaultConfigurationIsVisible = 0;
			defaultConfigurationName = Release;
		};
		FBDA65FC1E539339003DA31B /* Build configuration list for PBXNativeTarget "tiedUp" */ = {
			isa = XCConfigurationList;
			buildConfigurations = (
				FBDA65FD1E539339003DA31B /* Debug */,
				FBDA65FE1E539339003DA31B /* Release */,
			);
			defaultConfigurationIsVisible = 0;
			defaultConfigurationName = Release;
		};
		FBDA65FF1E539339003DA31B /* Build configuration list for PBXNativeTarget "tiedUpTests" */ = {
			isa = XCConfigurationList;
			buildConfigurations = (
				FBDA66001E539339003DA31B /* Debug */,
				FBDA66011E539339003DA31B /* Release */,
			);
			defaultConfigurationIsVisible = 0;
			defaultConfigurationName = Release;
		};
/* End XCConfigurationList section */
	};
	rootObject = FBDA65D71E539339003DA31B /* Project object */;
}
